
Microsoft Visual Studio Solution File, Format Version 12.00
Project("{FAE04EC0-301F-11D3-BF4B-00C04F79EFBC}") = "TextProcess", "TextProcess\TextProcess.csproj", "{BB1F631B-784B-4981-885A-CA7213358E89}"
EndProject
Project("{FAE04EC0-301F-11D3-BF4B-00C04F79EFBC}") = "Zapret", "Zapret\Zapret.csproj", "{BEA0575D-2690-4B38-9EB8-BE207CAB8816}"
EndProject
Project("{FAE04EC0-301F-11D3-BF4B-00C04F79EFBC}") = "TestParser", "TestParser\TestParser.csproj", "{A47DFDB7-3A65-4DF5-8FD6-9DF304C3550B}"
EndProject
Project("{FAE04EC0-301F-11D3-BF4B-00C04F79EFBC}") = "TestZapret", "TestZapret\TestZapret.csproj", "{1920D6B6-03D0-4EAB-9945-4B57EED3DC30}"
EndProject
Project("{2150E333-8FDC-42A3-9474-1A3956D46DE8}") = "Test", "Test", "{6FBF009D-EC98-44F5-AB79-313E468007C1}"
EndProject
Project("{FAE04EC0-301F-11D3-BF4B-00C04F79EFBC}") = "WpfApp", "WpfApp\WpfApp.csproj", "{6FA1DD73-D6DA-4B74-BD40-97CC8C9985B6}"
EndProject
Project("{FAE04EC0-301F-11D3-BF4B-00C04F79EFBC}") = "DB", "DB\DB.csproj", "{2DCB04A7-F8C6-49EC-922F-21A493666189}"
EndProject
Project("{FAE04EC0-301F-11D3-BF4B-00C04F79EFBC}") = "TestDB", "TestDB\TestDB.csproj", "{E1B63B3F-D358-4120-9793-537FACFDCF2A}"
EndProject
Project("{2150E333-8FDC-42A3-9474-1A3956D46DE8}") = "Utils", "Utils", "{A3B23000-7D56-4AC8-8CB0-A515FB063240}"
EndProject
Global
	GlobalSection(SolutionConfigurationPlatforms) = preSolution
		Debug|Any CPU = Debug|Any CPU
		Release|Any CPU = Release|Any CPU
	EndGlobalSection
	GlobalSection(ProjectConfigurationPlatforms) = postSolution
		{BB1F631B-784B-4981-885A-CA7213358E89}.Debug|Any CPU.ActiveCfg = Debug|Any CPU
		{BB1F631B-784B-4981-885A-CA7213358E89}.Debug|Any CPU.Build.0 = Debug|Any CPU
		{BB1F631B-784B-4981-885A-CA7213358E89}.Release|Any CPU.ActiveCfg = Release|Any CPU
		{BB1F631B-784B-4981-885A-CA7213358E89}.Release|Any CPU.Build.0 = Release|Any CPU
		{BEA0575D-2690-4B38-9EB8-BE207CAB8816}.Debug|Any CPU.ActiveCfg = Debug|Any CPU
		{BEA0575D-2690-4B38-9EB8-BE207CAB8816}.Debug|Any CPU.Build.0 = Debug|Any CPU
		{BEA0575D-2690-4B38-9EB8-BE207CAB8816}.Release|Any CPU.ActiveCfg = Release|Any CPU
		{BEA0575D-2690-4B38-9EB8-BE207CAB8816}.Release|Any CPU.Build.0 = Release|Any CPU
		{A47DFDB7-3A65-4DF5-8FD6-9DF304C3550B}.Debug|Any CPU.ActiveCfg = Debug|Any CPU
		{A47DFDB7-3A65-4DF5-8FD6-9DF304C3550B}.Debug|Any CPU.Build.0 = Debug|Any CPU
		{A47DFDB7-3A65-4DF5-8FD6-9DF304C3550B}.Release|Any CPU.ActiveCfg = Release|Any CPU
		{A47DFDB7-3A65-4DF5-8FD6-9DF304C3550B}.Release|Any CPU.Build.0 = Release|Any CPU
		{1920D6B6-03D0-4EAB-9945-4B57EED3DC30}.Debug|Any CPU.ActiveCfg = Debug|Any CPU
		{1920D6B6-03D0-4EAB-9945-4B57EED3DC30}.Debug|Any CPU.Build.0 = Debug|Any CPU
		{1920D6B6-03D0-4EAB-9945-4B57EED3DC30}.Release|Any CPU.ActiveCfg = Release|Any CPU
		{1920D6B6-03D0-4EAB-9945-4B57EED3DC30}.Release|Any CPU.Build.0 = Release|Any CPU
		{6FA1DD73-D6DA-4B74-BD40-97CC8C9985B6}.Debug|Any CPU.ActiveCfg = Debug|Any CPU
		{6FA1DD73-D6DA-4B74-BD40-97CC8C9985B6}.Debug|Any CPU.Build.0 = Debug|Any CPU
		{6FA1DD73-D6DA-4B74-BD40-97CC8C9985B6}.Release|Any CPU.ActiveCfg = Release|Any CPU
		{6FA1DD73-D6DA-4B74-BD40-97CC8C9985B6}.Release|Any CPU.Build.0 = Release|Any CPU
		{2DCB04A7-F8C6-49EC-922F-21A493666189}.Debug|Any CPU.ActiveCfg = Debug|Any CPU
		{2DCB04A7-F8C6-49EC-922F-21A493666189}.Debug|Any CPU.Build.0 = Debug|Any CPU
		{2DCB04A7-F8C6-49EC-922F-21A493666189}.Release|Any CPU.ActiveCfg = Release|Any CPU
		{2DCB04A7-F8C6-49EC-922F-21A493666189}.Release|Any CPU.Build.0 = Release|Any CPU
		{E1B63B3F-D358-4120-9793-537FACFDCF2A}.Debug|Any CPU.ActiveCfg = Debug|Any CPU
		{E1B63B3F-D358-4120-9793-537FACFDCF2A}.Debug|Any CPU.Build.0 = Debug|Any CPU
		{E1B63B3F-D358-4120-9793-537FACFDCF2A}.Release|Any CPU.ActiveCfg = Release|Any CPU
		{E1B63B3F-D358-4120-9793-537FACFDCF2A}.Release|Any CPU.Build.0 = Release|Any CPU
	EndGlobalSection
	GlobalSection(NestedProjects) = preSolution
		{A47DFDB7-3A65-4DF5-8FD6-9DF304C3550B} = {6FBF009D-EC98-44F5-AB79-313E468007C1}
		{1920D6B6-03D0-4EAB-9945-4B57EED3DC30} = {6FBF009D-EC98-44F5-AB79-313E468007C1}
		{E1B63B3F-D358-4120-9793-537FACFDCF2A} = {6FBF009D-EC98-44F5-AB79-313E468007C1}
		{BB1F631B-784B-4981-885A-CA7213358E89} = {A3B23000-7D56-4AC8-8CB0-A515FB063240}
	EndGlobalSection
EndGlobal
